
Microsoft Visual Studio Solution File, Format Version 12.00
# Visual Studio 15
VisualStudioVersion = 15.0.28307.168
MinimumVisualStudioVersion = 10.0.40219.1
Project("{FAE04EC0-301F-11D3-BF4B-00C04F79EFBC}") = "AdventureJar.Web.Api", "adventurejar.web.api\AdventureJar.Web.Api.csproj", "{C67A9999-17BD-49A5-8B03-0733460BFCC1}"
EndProject
Global
	GlobalSection(SolutionConfigurationPlatforms) = preSolution
		Debug|Any CPU = Debug|Any CPU
		Release|Any CPU = Release|Any CPU
	EndGlobalSection
	GlobalSection(ProjectConfigurationPlatforms) = postSolution
		{C67A9999-17BD-49A5-8B03-0733460BFCC1}.Debug|Any CPU.ActiveCfg = Debug|Any CPU
		{C67A9999-17BD-49A5-8B03-0733460BFCC1}.Debug|Any CPU.Build.0 = Debug|Any CPU
		{C67A9999-17BD-49A5-8B03-0733460BFCC1}.Release|Any CPU.ActiveCfg = Release|Any CPU
		{C67A9999-17BD-49A5-8B03-0733460BFCC1}.Release|Any CPU.Build.0 = Release|Any CPU
	EndGlobalSection
	GlobalSection(SolutionProperties) = preSolution
		HideSolutionNode = FALSE
	EndGlobalSection
	GlobalSection(ExtensibilityGlobals) = postSolution
		SolutionGuid = {828D0A9E-1B02-4186-B5FB-93FFE0CF7C65}
	EndGlobalSection
EndGlobal
